
Microsoft Visual Studio Solution File, Format Version 12.00
# Visual Studio Version 17
VisualStudioVersion = 17.4.33213.308
MinimumVisualStudioVersion = 10.0.40219.1
Project("{FAE04EC0-301F-11D3-BF4B-00C04F79EFBC}") = "Ejercicio1.02.Android", "Ejercicio1.02\Ejercicio1.02.Android\Ejercicio1.02.Android.csproj", "{7003C1CC-457A-4EAD-9F72-3E7A92BB77B0}"
EndProject
Project("{FAE04EC0-301F-11D3-BF4B-00C04F79EFBC}") = "Ejercicio1.02", "Ejercicio1.02\Ejercicio1.02\Ejercicio1.02.csproj", "{BF831BDB-3900-401E-A2F8-E0EC2CCBBDD4}"
EndProject
Global
	GlobalSection(SolutionConfigurationPlatforms) = preSolution
		Debug|Any CPU = Debug|Any CPU
		Release|Any CPU = Release|Any CPU
	EndGlobalSection
	GlobalSection(ProjectConfigurationPlatforms) = postSolution
		{7003C1CC-457A-4EAD-9F72-3E7A92BB77B0}.Debug|Any CPU.ActiveCfg = Debug|Any CPU
		{7003C1CC-457A-4EAD-9F72-3E7A92BB77B0}.Debug|Any CPU.Build.0 = Debug|Any CPU
		{7003C1CC-457A-4EAD-9F72-3E7A92BB77B0}.Debug|Any CPU.Deploy.0 = Debug|Any CPU
		{7003C1CC-457A-4EAD-9F72-3E7A92BB77B0}.Release|Any CPU.ActiveCfg = Release|Any CPU
		{7003C1CC-457A-4EAD-9F72-3E7A92BB77B0}.Release|Any CPU.Build.0 = Release|Any CPU
		{7003C1CC-457A-4EAD-9F72-3E7A92BB77B0}.Release|Any CPU.Deploy.0 = Release|Any CPU
		{BF831BDB-3900-401E-A2F8-E0EC2CCBBDD4}.Debug|Any CPU.ActiveCfg = Debug|Any CPU
		{BF831BDB-3900-401E-A2F8-E0EC2CCBBDD4}.Debug|Any CPU.Build.0 = Debug|Any CPU
		{BF831BDB-3900-401E-A2F8-E0EC2CCBBDD4}.Debug|Any CPU.Deploy.0 = Debug|Any CPU
		{BF831BDB-3900-401E-A2F8-E0EC2CCBBDD4}.Release|Any CPU.ActiveCfg = Release|Any CPU
		{BF831BDB-3900-401E-A2F8-E0EC2CCBBDD4}.Release|Any CPU.Build.0 = Release|Any CPU
		{BF831BDB-3900-401E-A2F8-E0EC2CCBBDD4}.Release|Any CPU.Deploy.0 = Release|Any CPU
	EndGlobalSection
	GlobalSection(SolutionProperties) = preSolution
		HideSolutionNode = FALSE
	EndGlobalSection
	GlobalSection(ExtensibilityGlobals) = postSolution
		SolutionGuid = {34ED3158-F44E-4BDC-9627-647747015F8A}
	EndGlobalSection
EndGlobal
